// !$*UTF8*$!
{
	archiveVersion = 1;
	classes = {
	};
	objectVersion = 46;
	objects = {

/* Begin PBXBuildFile section */
		15249F6A4F309E4359D47110 /* Pods_Twitter.framework in Frameworks */ = {isa = PBXBuildFile; fileRef = 7161D663E6EE8170C30D220E /* Pods_Twitter.framework */; };
		3726FB701C69BF570057090D /* AppDelegate.swift in Sources */ = {isa = PBXBuildFile; fileRef = 3726FB6F1C69BF570057090D /* AppDelegate.swift */; };
		3726FB721C69BF570057090D /* ViewController.swift in Sources */ = {isa = PBXBuildFile; fileRef = 3726FB711C69BF570057090D /* ViewController.swift */; };
		3726FB751C69BF570057090D /* Main.storyboard in Resources */ = {isa = PBXBuildFile; fileRef = 3726FB731C69BF570057090D /* Main.storyboard */; };
		3726FB771C69BF570057090D /* Assets.xcassets in Resources */ = {isa = PBXBuildFile; fileRef = 3726FB761C69BF570057090D /* Assets.xcassets */; };
		3726FB7A1C69BF570057090D /* LaunchScreen.storyboard in Resources */ = {isa = PBXBuildFile; fileRef = 3726FB781C69BF570057090D /* LaunchScreen.storyboard */; };
		374A66001C712B9D0018858B /* User.swift in Sources */ = {isa = PBXBuildFile; fileRef = 374A65FF1C712B9D0018858B /* User.swift */; };
		374A66021C712BAA0018858B /* Tweet.swift in Sources */ = {isa = PBXBuildFile; fileRef = 374A66011C712BAA0018858B /* Tweet.swift */; };
		374A66061C7183860018858B /* TweetCell.swift in Sources */ = {isa = PBXBuildFile; fileRef = 374A66051C7183860018858B /* TweetCell.swift */; };
		374A660E1C82B30D0018858B /* DetailPageViewController.swift in Sources */ = {isa = PBXBuildFile; fileRef = 374A660D1C82B30D0018858B /* DetailPageViewController.swift */; };
		374A66121C82B7D90018858B /* TweetsViewController.swift in Sources */ = {isa = PBXBuildFile; fileRef = 374A66111C82B7D90018858B /* TweetsViewController.swift */; };
		374A661A1C83AE7C0018858B /* ProfileViewController.swift in Sources */ = {isa = PBXBuildFile; fileRef = 374A66191C83AE7C0018858B /* ProfileViewController.swift */; };
		374A661C1C83C33E0018858B /* TweetCell.xib in Resources */ = {isa = PBXBuildFile; fileRef = 374A661B1C83C33E0018858B /* TweetCell.xib */; };
		374A661E1C83F1BC0018858B /* NewTweetViewController.swift in Sources */ = {isa = PBXBuildFile; fileRef = 374A661D1C83F1BC0018858B /* NewTweetViewController.swift */; };
		37F405211C69C4B0005A2580 /* TwitterClient.swift in Sources */ = {isa = PBXBuildFile; fileRef = 37F405201C69C4B0005A2580 /* TwitterClient.swift */; };
/* End PBXBuildFile section */

/* Begin PBXFileReference section */
		3726FB6C1C69BF570057090D /* Twitter.app */ = {isa = PBXFileReference; explicitFileType = wrapper.application; includeInIndex = 0; path = Twitter.app; sourceTree = BUILT_PRODUCTS_DIR; };
		3726FB6F1C69BF570057090D /* AppDelegate.swift */ = {isa = PBXFileReference; lastKnownFileType = sourcecode.swift; path = AppDelegate.swift; sourceTree = "<group>"; };
		3726FB711C69BF570057090D /* ViewController.swift */ = {isa = PBXFileReference; lastKnownFileType = sourcecode.swift; path = ViewController.swift; sourceTree = "<group>"; };
		3726FB741C69BF570057090D /* Base */ = {isa = PBXFileReference; lastKnownFileType = file.storyboard; name = Base; path = Base.lproj/Main.storyboard; sourceTree = "<group>"; };
		3726FB761C69BF570057090D /* Assets.xcassets */ = {isa = PBXFileReference; lastKnownFileType = folder.assetcatalog; path = Assets.xcassets; sourceTree = "<group>"; };
		3726FB791C69BF570057090D /* Base */ = {isa = PBXFileReference; lastKnownFileType = file.storyboard; name = Base; path = Base.lproj/LaunchScreen.storyboard; sourceTree = "<group>"; };
		3726FB7B1C69BF570057090D /* Info.plist */ = {isa = PBXFileReference; lastKnownFileType = text.plist.xml; path = Info.plist; sourceTree = "<group>"; };
		374A65FF1C712B9D0018858B /* User.swift */ = {isa = PBXFileReference; fileEncoding = 4; lastKnownFileType = sourcecode.swift; path = User.swift; sourceTree = "<group>"; };
		374A66011C712BAA0018858B /* Tweet.swift */ = {isa = PBXFileReference; fileEncoding = 4; lastKnownFileType = sourcecode.swift; path = Tweet.swift; sourceTree = "<group>"; };
		374A66051C7183860018858B /* TweetCell.swift */ = {isa = PBXFileReference; fileEncoding = 4; lastKnownFileType = sourcecode.swift; path = TweetCell.swift; sourceTree = "<group>"; };
		374A660D1C82B30D0018858B /* DetailPageViewController.swift */ = {isa = PBXFileReference; fileEncoding = 4; lastKnownFileType = sourcecode.swift; path = DetailPageViewController.swift; sourceTree = "<group>"; };
		374A66111C82B7D90018858B /* TweetsViewController.swift */ = {isa = PBXFileReference; fileEncoding = 4; lastKnownFileType = sourcecode.swift; name = TweetsViewController.swift; path = "../../../Codepath_Week4_Twitter-master/Twitter/TweetsViewController.swift"; sourceTree = "<group>"; };
		374A66191C83AE7C0018858B /* ProfileViewController.swift */ = {isa = PBXFileReference; fileEncoding = 4; lastKnownFileType = sourcecode.swift; path = ProfileViewController.swift; sourceTree = "<group>"; };
		374A661B1C83C33E0018858B /* TweetCell.xib */ = {isa = PBXFileReference; fileEncoding = 4; lastKnownFileType = file.xib; path = TweetCell.xib; sourceTree = "<group>"; };
		374A661D1C83F1BC0018858B /* NewTweetViewController.swift */ = {isa = PBXFileReference; fileEncoding = 4; lastKnownFileType = sourcecode.swift; path = NewTweetViewController.swift; sourceTree = "<group>"; };
		37F405201C69C4B0005A2580 /* TwitterClient.swift */ = {isa = PBXFileReference; fileEncoding = 4; lastKnownFileType = sourcecode.swift; path = TwitterClient.swift; sourceTree = "<group>"; };
		37F405231C69CDDB005A2580 /* Twitter-Bridging-Header.h */ = {isa = PBXFileReference; lastKnownFileType = sourcecode.c.h; path = "Twitter-Bridging-Header.h"; sourceTree = "<group>"; };
		7161D663E6EE8170C30D220E /* Pods_Twitter.framework */ = {isa = PBXFileReference; explicitFileType = wrapper.framework; includeInIndex = 0; path = Pods_Twitter.framework; sourceTree = BUILT_PRODUCTS_DIR; };
		953EF0A5837F7CCBEE8D171A /* Pods-Twitter.debug.xcconfig */ = {isa = PBXFileReference; includeInIndex = 1; lastKnownFileType = text.xcconfig; name = "Pods-Twitter.debug.xcconfig"; path = "Pods/Target Support Files/Pods-Twitter/Pods-Twitter.debug.xcconfig"; sourceTree = "<group>"; };
		CF48EC6D97BA5EE1367D66D0 /* Pods-Twitter.release.xcconfig */ = {isa = PBXFileReference; includeInIndex = 1; lastKnownFileType = text.xcconfig; name = "Pods-Twitter.release.xcconfig"; path = "Pods/Target Support Files/Pods-Twitter/Pods-Twitter.release.xcconfig"; sourceTree = "<group>"; };
/* End PBXFileReference section */

/* Begin PBXFrameworksBuildPhase section */
		3726FB691C69BF570057090D /* Frameworks */ = {
			isa = PBXFrameworksBuildPhase;
			buildActionMask = 2147483647;
			files = (
				15249F6A4F309E4359D47110 /* Pods_Twitter.framework in Frameworks */,
			);
			runOnlyForDeploymentPostprocessing = 0;
		};
/* End PBXFrameworksBuildPhase section */

/* Begin PBXGroup section */
		27EAFEA44A8D7F670C3D4B94 /* Frameworks */ = {
			isa = PBXGroup;
			children = (
				7161D663E6EE8170C30D220E /* Pods_Twitter.framework */,
			);
			name = Frameworks;
			sourceTree = "<group>";
		};
		3726FB631C69BF570057090D = {
			isa = PBXGroup;
			children = (
				3726FB6E1C69BF570057090D /* Twitter */,
				3726FB6D1C69BF570057090D /* Products */,
				495151A80B80D1143AE2B663 /* Pods */,
				27EAFEA44A8D7F670C3D4B94 /* Frameworks */,
			);
			sourceTree = "<group>";
		};
		3726FB6D1C69BF570057090D /* Products */ = {
			isa = PBXGroup;
			children = (
				3726FB6C1C69BF570057090D /* Twitter.app */,
			);
			name = Products;
			sourceTree = "<group>";
		};
		3726FB6E1C69BF570057090D /* Twitter */ = {
			isa = PBXGroup;
			children = (
				374A65FE1C712B5E0018858B /* Models */,
				37F405231C69CDDB005A2580 /* Twitter-Bridging-Header.h */,
				37F4051F1C69C475005A2580 /* API */,
				3726FB6F1C69BF570057090D /* AppDelegate.swift */,
				3726FB711C69BF570057090D /* ViewController.swift */,
				374A66111C82B7D90018858B /* TweetsViewController.swift */,
				3726FB731C69BF570057090D /* Main.storyboard */,
				374A661B1C83C33E0018858B /* TweetCell.xib */,
				3726FB761C69BF570057090D /* Assets.xcassets */,
				3726FB781C69BF570057090D /* LaunchScreen.storyboard */,
				3726FB7B1C69BF570057090D /* Info.plist */,
				374A66051C7183860018858B /* TweetCell.swift */,
				374A660D1C82B30D0018858B /* DetailPageViewController.swift */,
				374A66191C83AE7C0018858B /* ProfileViewController.swift */,
				374A661D1C83F1BC0018858B /* NewTweetViewController.swift */,
			);
			path = Twitter;
			sourceTree = "<group>";
		};
		374A65FE1C712B5E0018858B /* Models */ = {
			isa = PBXGroup;
			children = (
				374A65FF1C712B9D0018858B /* User.swift */,
				374A66011C712BAA0018858B /* Tweet.swift */,
			);
			name = Models;
			sourceTree = "<group>";
		};
		37F4051F1C69C475005A2580 /* API */ = {
			isa = PBXGroup;
			children = (
				37F405201C69C4B0005A2580 /* TwitterClient.swift */,
			);
			name = API;
			sourceTree = "<group>";
		};
		495151A80B80D1143AE2B663 /* Pods */ = {
			isa = PBXGroup;
			children = (
				953EF0A5837F7CCBEE8D171A /* Pods-Twitter.debug.xcconfig */,
				CF48EC6D97BA5EE1367D66D0 /* Pods-Twitter.release.xcconfig */,
			);
			name = Pods;
			sourceTree = "<group>";
		};
/* End PBXGroup section */

/* Begin PBXNativeTarget section */
		3726FB6B1C69BF570057090D /* Twitter */ = {
			isa = PBXNativeTarget;
			buildConfigurationList = 3726FB7E1C69BF570057090D /* Build configuration list for PBXNativeTarget "Twitter" */;
			buildPhases = (
				2B4D6A557440E1F4512BAB7B /* Check Pods Manifest.lock */,
				3726FB681C69BF570057090D /* Sources */,
				3726FB691C69BF570057090D /* Frameworks */,
				3726FB6A1C69BF570057090D /* Resources */,
				AC6BDBEE2917740BAAF069E0 /* Embed Pods Frameworks */,
				3E9C7FD0EABDF6D95AAAAC4B /* Copy Pods Resources */,
			);
			buildRules = (
			);
			dependencies = (
			);
			name = Twitter;
			productName = Twitter;
			productReference = 3726FB6C1C69BF570057090D /* Twitter.app */;
			productType = "com.apple.product-type.application";
		};
/* End PBXNativeTarget section */

/* Begin PBXProject section */
		3726FB641C69BF570057090D /* Project object */ = {
			isa = PBXProject;
			attributes = {
				LastSwiftUpdateCheck = 0720;
				LastUpgradeCheck = 0720;
				ORGANIZATIONNAME = "Xinxin Xie";
				TargetAttributes = {
					3726FB6B1C69BF570057090D = {
						CreatedOnToolsVersion = 7.2;
					};
				};
			};
			buildConfigurationList = 3726FB671C69BF570057090D /* Build configuration list for PBXProject "Twitter" */;
			compatibilityVersion = "Xcode 3.2";
			developmentRegion = English;
			hasScannedForEncodings = 0;
			knownRegions = (
				en,
				Base,
			);
			mainGroup = 3726FB631C69BF570057090D;
			productRefGroup = 3726FB6D1C69BF570057090D /* Products */;
			projectDirPath = "";
			projectRoot = "";
			targets = (
				3726FB6B1C69BF570057090D /* Twitter */,
			);
		};
/* End PBXProject section */

/* Begin PBXResourcesBuildPhase section */
		3726FB6A1C69BF570057090D /* Resources */ = {
			isa = PBXResourcesBuildPhase;
			buildActionMask = 2147483647;
			files = (
				3726FB7A1C69BF570057090D /* LaunchScreen.storyboard in Resources */,
				3726FB771C69BF570057090D /* Assets.xcassets in Resources */,
				3726FB751C69BF570057090D /* Main.storyboard in Resources */,
				374A661C1C83C33E0018858B /* TweetCell.xib in Resources */,
			);
			runOnlyForDeploymentPostprocessing = 0;
		};
/* End PBXResourcesBuildPhase section */

/* Begin PBXShellScriptBuildPhase section */
		2B4D6A557440E1F4512BAB7B /* Check Pods Manifest.lock */ = {
			isa = PBXShellScriptBuildPhase;
			buildActionMask = 2147483647;
			files = (
			);
			inputPaths = (
			);
			name = "Check Pods Manifest.lock";
			outputPaths = (
			);
			runOnlyForDeploymentPostprocessing = 0;
			shellPath = /bin/sh;
			shellScript = "diff \"${PODS_ROOT}/../Podfile.lock\" \"${PODS_ROOT}/Manifest.lock\" > /dev/null\nif [[ $? != 0 ]] ; then\n    cat << EOM\nerror: The sandbox is not in sync with the Podfile.lock. Run 'pod install' or update your CocoaPods installation.\nEOM\n    exit 1\nfi\n";
			showEnvVarsInLog = 0;
		};
		3E9C7FD0EABDF6D95AAAAC4B /* Copy Pods Resources */ = {
			isa = PBXShellScriptBuildPhase;
			buildActionMask = 2147483647;
			files = (
			);
			inputPaths = (
			);
			name = "Copy Pods Resources";
			outputPaths = (
			);
			runOnlyForDeploymentPostprocessing = 0;
			shellPath = /bin/sh;
			shellScript = "\"${SRCROOT}/Pods/Target Support Files/Pods-Twitter/Pods-Twitter-resources.sh\"\n";
			showEnvVarsInLog = 0;
		};
		AC6BDBEE2917740BAAF069E0 /* Embed Pods Frameworks */ = {
			isa = PBXShellScriptBuildPhase;
			buildActionMask = 2147483647;
			files = (
			);
			inputPaths = (
			);
			name = "Embed Pods Frameworks";
			outputPaths = (
			);
			runOnlyForDeploymentPostprocessing = 0;
			shellPath = /bin/sh;
			shellScript = "\"${SRCROOT}/Pods/Target Support Files/Pods-Twitter/Pods-Twitter-frameworks.sh\"\n";
			showEnvVarsInLog = 0;
		};
/* End PBXShellScriptBuildPhase section */

/* Begin PBXSourcesBuildPhase section */
		3726FB681C69BF570057090D /* Sources */ = {
			isa = PBXSourcesBuildPhase;
			buildActionMask = 2147483647;
			files = (
				374A66121C82B7D90018858B /* TweetsViewController.swift in Sources */,
				374A660E1C82B30D0018858B /* DetailPageViewController.swift in Sources */,
				374A66001C712B9D0018858B /* User.swift in Sources */,
				374A66061C7183860018858B /* TweetCell.swift in Sources */,
				374A66021C712BAA0018858B /* Tweet.swift in Sources */,
				374A661A1C83AE7C0018858B /* ProfileViewController.swift in Sources */,
				3726FB721C69BF570057090D /* ViewController.swift in Sources */,
				37F405211C69C4B0005A2580 /* TwitterClient.swift in Sources */,
				3726FB701C69BF570057090D /* AppDelegate.swift in Sources */,
				374A661E1C83F1BC0018858B /* NewTweetViewController.swift in Sources */,
			);
			runOnlyForDeploymentPostprocessing = 0;
		};
/* End PBXSourcesBuildPhase section */

/* Begin PBXVariantGroup section */
		3726FB731C69BF570057090D /* Main.storyboard */ = {
			isa = PBXVariantGroup;
			children = (
				3726FB741C69BF570057090D /* Base */,
			);
			name = Main.storyboard;
			sourceTree = "<group>";
		};
		3726FB781C69BF570057090D /* LaunchScreen.storyboard */ = {
			isa = PBXVariantGroup;
			children = (
				3726FB791C69BF570057090D /* Base */,
			);
			name = LaunchScreen.storyboard;
			sourceTree = "<group>";
		};
/* End PBXVariantGroup section */

/* Begin XCBuildConfiguration section */
		3726FB7C1C69BF570057090D /* Debug */ = {
			isa = XCBuildConfiguration;
			buildSettings = {
				ALWAYS_SEARCH_USER_PATHS = NO;
				CLANG_CXX_LANGUAGE_STANDARD = "gnu++0x";
				CLANG_CXX_LIBRARY = "libc++";
				CLANG_ENABLE_MODULES = YES;
				CLANG_ENABLE_OBJC_ARC = YES;
				CLANG_WARN_BOOL_CONVERSION = YES;
				CLANG_WARN_CONSTANT_CONVERSION = YES;
				CLANG_WARN_DIRECT_OBJC_ISA_USAGE = YES_ERROR;
				CLANG_WARN_EMPTY_BODY = YES;
				CLANG_WARN_ENUM_CONVERSION = YES;
				CLANG_WARN_INT_CONVERSION = YES;
				CLANG_WARN_OBJC_ROOT_CLASS = YES_ERROR;
				CLANG_WARN_UNREACHABLE_CODE = YES;
				CLANG_WARN__DUPLICATE_METHOD_MATCH = YES;
				"CODE_SIGN_IDENTITY[sdk=iphoneos*]" = "iPhone Developer";
				COPY_PHASE_STRIP = NO;
				DEBUG_INFORMATION_FORMAT = dwarf;
				ENABLE_STRICT_OBJC_MSGSEND = YES;
				ENABLE_TESTABILITY = YES;
				GCC_C_LANGUAGE_STANDARD = gnu99;
				GCC_DYNAMIC_NO_PIC = NO;
				GCC_NO_COMMON_BLOCKS = YES;
				GCC_OPTIMIZATION_LEVEL = 0;
				GCC_PREPROCESSOR_DEFINITIONS = (
					"DEBUG=1",
					"$(inherited)",
				);
				GCC_WARN_64_TO_32_BIT_CONVERSION = YES;
				GCC_WARN_ABOUT_RETURN_TYPE = YES_ERROR;
				GCC_WARN_UNDECLARED_SELECTOR = YES;
				GCC_WARN_UNINITIALIZED_AUTOS = YES_AGGRESSIVE;
				GCC_WARN_UNUSED_FUNCTION = YES;
				GCC_WARN_UNUSED_VARIABLE = YES;
				IPHONEOS_DEPLOYMENT_TARGET = 9.2;
				MTL_ENABLE_DEBUG_INFO = YES;
				ONLY_ACTIVE_ARCH = YES;
				SDKROOT = iphoneos;
				SWIFT_OPTIMIZATION_LEVEL = "-Onone";
				TARGETED_DEVICE_FAMILY = "1,2";
			};
			name = Debug;
		};
		3726FB7D1C69BF570057090D /* Release */ = {
			isa = XCBuildConfiguration;
			buildSettings = {
				ALWAYS_SEARCH_USER_PATHS = NO;
				CLANG_CXX_LANGUAGE_STANDARD = "gnu++0x";
				CLANG_CXX_LIBRARY = "libc++";
				CLANG_ENABLE_MODULES = YES;
				CLANG_ENABLE_OBJC_ARC = YES;
				CLANG_WARN_BOOL_CONVERSION = YES;
				CLANG_WARN_CONSTANT_CONVERSION = YES;
				CLANG_WARN_DIRECT_OBJC_ISA_USAGE = YES_ERROR;
				CLANG_WARN_EMPTY_BODY = YES;
				CLANG_WARN_ENUM_CONVERSION = YES;
				CLANG_WARN_INT_CONVERSION = YES;
				CLANG_WARN_OBJC_ROOT_CLASS = YES_ERROR;
				CLANG_WARN_UNREACHABLE_CODE = YES;
				CLANG_WARN__DUPLICATE_METHOD_MATCH = YES;
				"CODE_SIGN_IDENTITY[sdk=iphoneos*]" = "iPhone Developer";
				COPY_PHASE_STRIP = NO;
				DEBUG_INFORMATION_FORMAT = "dwarf-with-dsym";
				ENABLE_NS_ASSERTIONS = NO;
				ENABLE_STRICT_OBJC_MSGSEND = YES;
				GCC_C_LANGUAGE_STANDARD = gnu99;
				GCC_NO_COMMON_BLOCKS = YES;
				GCC_WARN_64_TO_32_BIT_CONVERSION = YES;
				GCC_WARN_ABOUT_RETURN_TYPE = YES_ERROR;
				GCC_WARN_UNDECLARED_SELECTOR = YES;
				GCC_WARN_UNINITIALIZED_AUTOS = YES_AGGRESSIVE;
				GCC_WARN_UNUSED_FUNCTION = YES;
				GCC_WARN_UNUSED_VARIABLE = YES;
				IPHONEOS_DEPLOYMENT_TARGET = 9.2;
				MTL_ENABLE_DEBUG_INFO = NO;
				SDKROOT = iphoneos;
				TARGETED_DEVICE_FAMILY = "1,2";
				VALIDATE_PRODUCT = YES;
			};
			name = Release;
		};
		3726FB7F1C69BF570057090D /* Debug */ = {
			isa = XCBuildConfiguration;
			baseConfigurationReference = 953EF0A5837F7CCBEE8D171A /* Pods-Twitter.debug.xcconfig */;
			buildSettings = {
				ASSETCATALOG_COMPILER_APPICON_NAME = AppIcon;
				CLANG_ENABLE_MODULES = YES;
				INFOPLIST_FILE = Twitter/Info.plist;
				LD_RUNPATH_SEARCH_PATHS = "$(inherited) @executable_path/Frameworks";
				PRODUCT_BUNDLE_IDENTIFIER = test.Twitter;
				PRODUCT_NAME = "$(TARGET_NAME)";
				SWIFT_OBJC_BRIDGING_HEADER = "Twitter/Twitter-Bridging-Header.h";
				SWIFT_OPTIMIZATION_LEVEL = "-Onone";
			};
			name = Debug;
		};
		3726FB801C69BF570057090D /* Release */ = {
			isa = XCBuildConfiguration;
			baseConfigurationReference = CF48EC6D97BA5EE1367D66D0 /* Pods-Twitter.release.xcconfig */;
			buildSettings = {
				ASSETCATALOG_COMPILER_APPICON_NAME = AppIcon;
				CLANG_ENABLE_MODULES = YES;
				INFOPLIST_FILE = Twitter/Info.plist;
				LD_RUNPATH_SEARCH_PATHS = "$(inherited) @executable_path/Frameworks";
				PRODUCT_BUNDLE_IDENTIFIER = test.Twitter;
				PRODUCT_NAME = "$(TARGET_NAME)";
				SWIFT_OBJC_BRIDGING_HEADER = "Twitter/Twitter-Bridging-Header.h";
			};
			name = Release;
		};
/* End XCBuildConfiguration section */

/* Begin XCConfigurationList section */
		3726FB671C69BF570057090D /* Build configuration list for PBXProject "Twitter" */ = {
			isa = XCConfigurationList;
			buildConfigurations = (
				3726FB7C1C69BF570057090D /* Debug */,
				3726FB7D1C69BF570057090D /* Release */,
			);
			defaultConfigurationIsVisible = 0;
			defaultConfigurationName = Release;
		};
		3726FB7E1C69BF570057090D /* Build configuration list for PBXNativeTarget "Twitter" */ = {
			isa = XCConfigurationList;
			buildConfigurations = (
				3726FB7F1C69BF570057090D /* Debug */,
				3726FB801C69BF570057090D /* Release */,
			);
			defaultConfigurationIsVisible = 0;
			defaultConfigurationName = Release;
		};
/* End XCConfigurationList section */
	};
	rootObject = 3726FB641C69BF570057090D /* Project object */;
}
